{
  "name": "nodemailer-cli",
  "version": "1.0.0",
  "lockfileVersion": 1,
  "requires": true,
  "dependencies": {
    "@types/node": {
      "version": "11.13.8",
      "resolved": "https://registry.npmjs.org/@types/node/-/node-11.13.8.tgz",
      "integrity": "sha512-szA3x/3miL90ZJxUCzx9haNbK5/zmPieGraZEe4WI+3srN0eGLiT22NXeMHmyhNEopn+IrxqMc7wdVwvPl8meg==",
      "dev": true
    },
    "@types/nodemailer": {
      "version": "4.6.8",
      "resolved": "https://registry.npmjs.org/@types/nodemailer/-/nodemailer-4.6.8.tgz",
      "integrity": "sha512-IX1P3bxDP1VIdZf6/kIWYNmSejkYm9MOyMEtoDFi4DVzKjJ3kY4GhOcOAKs6lZRjqVVmF9UjPOZXuQczlpZThw==",
      "dev": true,
      "requires": {
        "@types/node": "*"
      }
    },
    "argparse": {
      "version": "1.0.10",
      "resolved": "https://registry.npmjs.org/argparse/-/argparse-1.0.10.tgz",
      "integrity": "sha512-o5Roy6tNG4SL/FOkCAN6RzjiakZS25RLYFrcMttJqbdd8BWrnA+fGz57iN5Pb06pvBGvl5gQ0B48dJlslXvoTg==",
      "requires": {
        "sprintf-js": "~1.0.2"
      }
    },
    "nodemailer": {
      "version": "6.1.1",
      "resolved": "https://registry.npmjs.org/nodemailer/-/nodemailer-6.1.1.tgz",
      "integrity": "sha512-/x5MRIh56VyuuhLfcz+DL2SlBARpZpgQIf2A4Ao4hMb69MHSgDIMPwYmFwesGT1lkRDZ0eBSoym5+JoIZ3N+cQ=="
    },
    "sprintf-js": {
      "version": "1.0.3",
      "resolved": "https://registry.npmjs.org/sprintf-js/-/sprintf-js-1.0.3.tgz",
      "integrity": "sha1-BOaSb2YolTVPPdAVIDYzuFcpfiw="
    },
    "typescript": {
      "version": "3.4.5",
      "resolved": "https://registry.npmjs.org/typescript/-/typescript-3.4.5.tgz",
      "integrity": "sha512-YycBxUb49UUhdNMU5aJ7z5Ej2XGmaIBL0x34vZ82fn3hGvD+bgrMrVDpatgz2f7YxUMJxMkbWxJZeAvDxVe7Vw==",
      "dev": true
    }
  }
}
